
Microsoft Visual Studio Solution File, Format Version 12.00
# Visual Studio Version 16
VisualStudioVersion = 16.0.31112.23
MinimumVisualStudioVersion = 10.0.40219.1
Project("{9A19103F-16F7-4668-BE54-9A1E7A4F7556}") = "TestMessageHub", "TestMessageHub\TestMessageHub.csproj", "{3D6E8B88-C3E3-43BA-A315-65C1201CEF6D}"
EndProject
Project("{FAE04EC0-301F-11D3-BF4B-00C04F79EFBC}") = "TestMessageHub.Tests", "TestMessageHub.Tests\TestMessageHub.Tests.csproj", "{60376FB8-7904-4E4C-8662-BCF41A5B7BD7}"
EndProject
Global
	GlobalSection(SolutionConfigurationPlatforms) = preSolution
		Debug|Any CPU = Debug|Any CPU
		Release|Any CPU = Release|Any CPU
	EndGlobalSection
	GlobalSection(ProjectConfigurationPlatforms) = postSolution
		{3D6E8B88-C3E3-43BA-A315-65C1201CEF6D}.Debug|Any CPU.ActiveCfg = Debug|Any CPU
		{3D6E8B88-C3E3-43BA-A315-65C1201CEF6D}.Debug|Any CPU.Build.0 = Debug|Any CPU
		{3D6E8B88-C3E3-43BA-A315-65C1201CEF6D}.Release|Any CPU.ActiveCfg = Release|Any CPU
		{3D6E8B88-C3E3-43BA-A315-65C1201CEF6D}.Release|Any CPU.Build.0 = Release|Any CPU
		{60376FB8-7904-4E4C-8662-BCF41A5B7BD7}.Debug|Any CPU.ActiveCfg = Debug|Any CPU
		{60376FB8-7904-4E4C-8662-BCF41A5B7BD7}.Debug|Any CPU.Build.0 = Debug|Any CPU
		{60376FB8-7904-4E4C-8662-BCF41A5B7BD7}.Release|Any CPU.ActiveCfg = Release|Any CPU
		{60376FB8-7904-4E4C-8662-BCF41A5B7BD7}.Release|Any CPU.Build.0 = Release|Any CPU
	EndGlobalSection
	GlobalSection(SolutionProperties) = preSolution
		HideSolutionNode = FALSE
	EndGlobalSection
	GlobalSection(ExtensibilityGlobals) = postSolution
		SolutionGuid = {42FB7C09-5FC4-459B-B73B-321101DF9340}
	EndGlobalSection
EndGlobal
